// !$*UTF8*$!
{
	archiveVersion = 1;
	classes = {
	};
	objectVersion = 46;
	objects = {

/* Begin PBXBuildFile section */
		EF7312D61CBA9FEA000E51F4 /* Reachibility.swift in Sources */ = {isa = PBXBuildFile; fileRef = EF7312D51CBA9FEA000E51F4 /* Reachibility.swift */; };
		EFB84D6E1CB9344E004CE778 /* AppDelegate.swift in Sources */ = {isa = PBXBuildFile; fileRef = EFB84D6D1CB9344E004CE778 /* AppDelegate.swift */; };
		EFB84D701CB9344E004CE778 /* Assets.xcassets in Resources */ = {isa = PBXBuildFile; fileRef = EFB84D6F1CB9344E004CE778 /* Assets.xcassets */; };
		EFB84D731CB9344E004CE778 /* MainMenu.xib in Resources */ = {isa = PBXBuildFile; fileRef = EFB84D711CB9344E004CE778 /* MainMenu.xib */; };
		EFB84D7C1CB937EB004CE778 /* PopoverViewController.swift in Sources */ = {isa = PBXBuildFile; fileRef = EFB84D7A1CB937EB004CE778 /* PopoverViewController.swift */; };
		EFB84D7D1CB937EB004CE778 /* PopoverViewController.xib in Resources */ = {isa = PBXBuildFile; fileRef = EFB84D7B1CB937EB004CE778 /* PopoverViewController.xib */; };
		EFB84D7F1CB93F1A004CE778 /* EventMonitor.swift in Sources */ = {isa = PBXBuildFile; fileRef = EFB84D7E1CB93F1A004CE778 /* EventMonitor.swift */; };
/* End PBXBuildFile section */

/* Begin PBXFileReference section */
		EF7312D51CBA9FEA000E51F4 /* Reachibility.swift */ = {isa = PBXFileReference; fileEncoding = 4; lastKnownFileType = sourcecode.swift; path = Reachibility.swift; sourceTree = "<group>"; };
		EFB84D6A1CB9344E004CE778 /* Quotes.app */ = {isa = PBXFileReference; explicitFileType = wrapper.application; includeInIndex = 0; path = Quotes.app; sourceTree = BUILT_PRODUCTS_DIR; };
		EFB84D6D1CB9344E004CE778 /* AppDelegate.swift */ = {isa = PBXFileReference; lastKnownFileType = sourcecode.swift; path = AppDelegate.swift; sourceTree = "<group>"; };
		EFB84D6F1CB9344E004CE778 /* Assets.xcassets */ = {isa = PBXFileReference; lastKnownFileType = folder.assetcatalog; path = Assets.xcassets; sourceTree = "<group>"; };
		EFB84D721CB9344E004CE778 /* Base */ = {isa = PBXFileReference; lastKnownFileType = file.xib; name = Base; path = Base.lproj/MainMenu.xib; sourceTree = "<group>"; };
		EFB84D741CB9344E004CE778 /* Info.plist */ = {isa = PBXFileReference; lastKnownFileType = text.plist.xml; path = Info.plist; sourceTree = "<group>"; };
		EFB84D7A1CB937EB004CE778 /* PopoverViewController.swift */ = {isa = PBXFileReference; fileEncoding = 4; lastKnownFileType = sourcecode.swift; path = PopoverViewController.swift; sourceTree = "<group>"; };
		EFB84D7B1CB937EB004CE778 /* PopoverViewController.xib */ = {isa = PBXFileReference; fileEncoding = 4; lastKnownFileType = file.xib; path = PopoverViewController.xib; sourceTree = "<group>"; };
		EFB84D7E1CB93F1A004CE778 /* EventMonitor.swift */ = {isa = PBXFileReference; fileEncoding = 4; lastKnownFileType = sourcecode.swift; path = EventMonitor.swift; sourceTree = "<group>"; };
/* End PBXFileReference section */

/* Begin PBXFrameworksBuildPhase section */
		EFB84D671CB9344E004CE778 /* Frameworks */ = {
			isa = PBXFrameworksBuildPhase;
			buildActionMask = 2147483647;
			files = (
			);
			runOnlyForDeploymentPostprocessing = 0;
		};
/* End PBXFrameworksBuildPhase section */

/* Begin PBXGroup section */
		EFB84D611CB9344E004CE778 = {
			isa = PBXGroup;
			children = (
				EFB84D6C1CB9344E004CE778 /* Quotes */,
				EFB84D6B1CB9344E004CE778 /* Products */,
			);
			sourceTree = "<group>";
		};
		EFB84D6B1CB9344E004CE778 /* Products */ = {
			isa = PBXGroup;
			children = (
				EFB84D6A1CB9344E004CE778 /* Quotes.app */,
			);
			name = Products;
			sourceTree = "<group>";
		};
		EFB84D6C1CB9344E004CE778 /* Quotes */ = {
			isa = PBXGroup;
			children = (
				EFB84D6D1CB9344E004CE778 /* AppDelegate.swift */,
				EFB84D6F1CB9344E004CE778 /* Assets.xcassets */,
				EFB84D7A1CB937EB004CE778 /* PopoverViewController.swift */,
				EF7312D51CBA9FEA000E51F4 /* Reachibility.swift */,
				EFB84D7B1CB937EB004CE778 /* PopoverViewController.xib */,
				EFB84D711CB9344E004CE778 /* MainMenu.xib */,
				EFB84D741CB9344E004CE778 /* Info.plist */,
				EFB84D7E1CB93F1A004CE778 /* EventMonitor.swift */,
			);
			path = Quotes;
			sourceTree = "<group>";
		};
/* End PBXGroup section */

/* Begin PBXNativeTarget section */
		EFB84D691CB9344E004CE778 /* Quotes */ = {
			isa = PBXNativeTarget;
			buildConfigurationList = EFB84D771CB9344E004CE778 /* Build configuration list for PBXNativeTarget "Quotes" */;
			buildPhases = (
				EFB84D661CB9344E004CE778 /* Sources */,
				EFB84D671CB9344E004CE778 /* Frameworks */,
				EFB84D681CB9344E004CE778 /* Resources */,
			);
			buildRules = (
			);
			dependencies = (
			);
			name = Quotes;
			productName = Quotes;
			productReference = EFB84D6A1CB9344E004CE778 /* Quotes.app */;
			productType = "com.apple.product-type.application";
		};
/* End PBXNativeTarget section */

/* Begin PBXProject section */
		EFB84D621CB9344E004CE778 /* Project object */ = {
			isa = PBXProject;
			attributes = {
				LastSwiftUpdateCheck = 0730;
				LastUpgradeCheck = 0730;
				ORGANIZATIONNAME = "Joao Costa";
				TargetAttributes = {
					EFB84D691CB9344E004CE778 = {
						CreatedOnToolsVersion = 7.3;
						DevelopmentTeam = B8V7483KXF;
					};
				};
			};
			buildConfigurationList = EFB84D651CB9344E004CE778 /* Build configuration list for PBXProject "Quotes" */;
			compatibilityVersion = "Xcode 3.2";
			developmentRegion = English;
			hasScannedForEncodings = 0;
			knownRegions = (
				en,
				Base,
			);
			mainGroup = EFB84D611CB9344E004CE778;
			productRefGroup = EFB84D6B1CB9344E004CE778 /* Products */;
			projectDirPath = "";
			projectRoot = "";
			targets = (
				EFB84D691CB9344E004CE778 /* Quotes */,
			);
		};
/* End PBXProject section */

/* Begin PBXResourcesBuildPhase section */
		EFB84D681CB9344E004CE778 /* Resources */ = {
			isa = PBXResourcesBuildPhase;
			buildActionMask = 2147483647;
			files = (
				EFB84D701CB9344E004CE778 /* Assets.xcassets in Resources */,
				EFB84D731CB9344E004CE778 /* MainMenu.xib in Resources */,
				EFB84D7D1CB937EB004CE778 /* PopoverViewController.xib in Resources */,
			);
			runOnlyForDeploymentPostprocessing = 0;
		};
/* End PBXResourcesBuildPhase section */

/* Begin PBXSourcesBuildPhase section */
		EFB84D661CB9344E004CE778 /* Sources */ = {
			isa = PBXSourcesBuildPhase;
			buildActionMask = 2147483647;
			files = (
				EFB84D7F1CB93F1A004CE778 /* EventMonitor.swift in Sources */,
				EFB84D7C1CB937EB004CE778 /* PopoverViewController.swift in Sources */,
				EF7312D61CBA9FEA000E51F4 /* Reachibility.swift in Sources */,
				EFB84D6E1CB9344E004CE778 /* AppDelegate.swift in Sources */,
			);
			runOnlyForDeploymentPostprocessing = 0;
		};
/* End PBXSourcesBuildPhase section */

/* Begin PBXVariantGroup section */
		EFB84D711CB9344E004CE778 /* MainMenu.xib */ = {
			isa = PBXVariantGroup;
			children = (
				EFB84D721CB9344E004CE778 /* Base */,
			);
			name = MainMenu.xib;
			sourceTree = "<group>";
		};
/* End PBXVariantGroup section */

/* Begin XCBuildConfiguration section */
		EFB84D751CB9344E004CE778 /* Debug */ = {
			isa = XCBuildConfiguration;
			buildSettings = {
				ALWAYS_SEARCH_USER_PATHS = NO;
				CLANG_ANALYZER_NONNULL = YES;
				CLANG_CXX_LANGUAGE_STANDARD = "gnu++0x";
				CLANG_CXX_LIBRARY = "libc++";
				CLANG_ENABLE_MODULES = YES;
				CLANG_ENABLE_OBJC_ARC = YES;
				CLANG_WARN_BOOL_CONVERSION = YES;
				CLANG_WARN_CONSTANT_CONVERSION = YES;
				CLANG_WARN_DIRECT_OBJC_ISA_USAGE = YES_ERROR;
				CLANG_WARN_EMPTY_BODY = YES;
				CLANG_WARN_ENUM_CONVERSION = YES;
				CLANG_WARN_INT_CONVERSION = YES;
				CLANG_WARN_OBJC_ROOT_CLASS = YES_ERROR;
				CLANG_WARN_UNREACHABLE_CODE = YES;
				CLANG_WARN__DUPLICATE_METHOD_MATCH = YES;
				CODE_SIGN_IDENTITY = "-";
				COPY_PHASE_STRIP = NO;
				DEBUG_INFORMATION_FORMAT = dwarf;
				ENABLE_STRICT_OBJC_MSGSEND = YES;
				ENABLE_TESTABILITY = YES;
				GCC_C_LANGUAGE_STANDARD = gnu99;
				GCC_DYNAMIC_NO_PIC = NO;
				GCC_NO_COMMON_BLOCKS = YES;
				GCC_OPTIMIZATION_LEVEL = 0;
				GCC_PREPROCESSOR_DEFINITIONS = (
					"DEBUG=1",
					"$(inherited)",
				);
				GCC_WARN_64_TO_32_BIT_CONVERSION = YES;
				GCC_WARN_ABOUT_RETURN_TYPE = YES_ERROR;
				GCC_WARN_UNDECLARED_SELECTOR = YES;
				GCC_WARN_UNINITIALIZED_AUTOS = YES_AGGRESSIVE;
				GCC_WARN_UNUSED_FUNCTION = YES;
				GCC_WARN_UNUSED_VARIABLE = YES;
				MACOSX_DEPLOYMENT_TARGET = 10.11;
				MTL_ENABLE_DEBUG_INFO = YES;
				ONLY_ACTIVE_ARCH = YES;
				SDKROOT = macosx;
				SWIFT_OPTIMIZATION_LEVEL = "-Onone";
			};
			name = Debug;
		};
		EFB84D761CB9344E004CE778 /* Release */ = {
			isa = XCBuildConfiguration;
			buildSettings = {
				ALWAYS_SEARCH_USER_PATHS = NO;
				CLANG_ANALYZER_NONNULL = YES;
				CLANG_CXX_LANGUAGE_STANDARD = "gnu++0x";
				CLANG_CXX_LIBRARY = "libc++";
				CLANG_ENABLE_MODULES = YES;
				CLANG_ENABLE_OBJC_ARC = YES;
				CLANG_WARN_BOOL_CONVERSION = YES;
				CLANG_WARN_CONSTANT_CONVERSION = YES;
				CLANG_WARN_DIRECT_OBJC_ISA_USAGE = YES_ERROR;
				CLANG_WARN_EMPTY_BODY = YES;
				CLANG_WARN_ENUM_CONVERSION = YES;
				CLANG_WARN_INT_CONVERSION = YES;
				CLANG_WARN_OBJC_ROOT_CLASS = YES_ERROR;
				CLANG_WARN_UNREACHABLE_CODE = YES;
				CLANG_WARN__DUPLICATE_METHOD_MATCH = YES;
				CODE_SIGN_IDENTITY = "-";
				COPY_PHASE_STRIP = NO;
				DEBUG_INFORMATION_FORMAT = "dwarf-with-dsym";
				ENABLE_NS_ASSERTIONS = NO;
				ENABLE_STRICT_OBJC_MSGSEND = YES;
				GCC_C_LANGUAGE_STANDARD = gnu99;
				GCC_NO_COMMON_BLOCKS = YES;
				GCC_WARN_64_TO_32_BIT_CONVERSION = YES;
				GCC_WARN_ABOUT_RETURN_TYPE = YES_ERROR;
				GCC_WARN_UNDECLARED_SELECTOR = YES;
				GCC_WARN_UNINITIALIZED_AUTOS = YES_AGGRESSIVE;
				GCC_WARN_UNUSED_FUNCTION = YES;
				GCC_WARN_UNUSED_VARIABLE = YES;
				MACOSX_DEPLOYMENT_TARGET = 10.11;
				MTL_ENABLE_DEBUG_INFO = NO;
				SDKROOT = macosx;
			};
			name = Release;
		};
		EFB84D781CB9344E004CE778 /* Debug */ = {
			isa = XCBuildConfiguration;
			buildSettings = {
				ASSETCATALOG_COMPILER_APPICON_NAME = AppIcon;
				"CODE_SIGN_IDENTITY[sdk=macosx*]" = "Mac Developer";
				COMBINE_HIDPI_IMAGES = YES;
				INFOPLIST_FILE = Quotes/Info.plist;
				LD_RUNPATH_SEARCH_PATHS = "$(inherited) @executable_path/../Frameworks";
				PRODUCT_BUNDLE_IDENTIFIER = com.ajfc.Quotes;
				PRODUCT_NAME = "$(TARGET_NAME)";
				PROVISIONING_PROFILE = "";
			};
			name = Debug;
		};
		EFB84D791CB9344E004CE778 /* Release */ = {
			isa = XCBuildConfiguration;
			buildSettings = {
				ASSETCATALOG_COMPILER_APPICON_NAME = AppIcon;
				"CODE_SIGN_IDENTITY[sdk=macosx*]" = "Mac Developer";
				COMBINE_HIDPI_IMAGES = YES;
				INFOPLIST_FILE = Quotes/Info.plist;
				LD_RUNPATH_SEARCH_PATHS = "$(inherited) @executable_path/../Frameworks";
				PRODUCT_BUNDLE_IDENTIFIER = com.ajfc.Quotes;
				PRODUCT_NAME = "$(TARGET_NAME)";
				PROVISIONING_PROFILE = "";
			};
			name = Release;
		};
/* End XCBuildConfiguration section */

/* Begin XCConfigurationList section */
		EFB84D651CB9344E004CE778 /* Build configuration list for PBXProject "Quotes" */ = {
			isa = XCConfigurationList;
			buildConfigurations = (
				EFB84D751CB9344E004CE778 /* Debug */,
				EFB84D761CB9344E004CE778 /* Release */,
			);
			defaultConfigurationIsVisible = 0;
			defaultConfigurationName = Release;
		};
		EFB84D771CB9344E004CE778 /* Build configuration list for PBXNativeTarget "Quotes" */ = {
			isa = XCConfigurationList;
			buildConfigurations = (
				EFB84D781CB9344E004CE778 /* Debug */,
				EFB84D791CB9344E004CE778 /* Release */,
			);
			defaultConfigurationIsVisible = 0;
			defaultConfigurationName = Release;
		};
/* End XCConfigurationList section */
	};
	rootObject = EFB84D621CB9344E004CE778 /* Project object */;
}
